
Microsoft Visual Studio Solution File, Format Version 12.00
# Visual Studio Version 17
VisualStudioVersion = 17.2.32516.85
MinimumVisualStudioVersion = 10.0.40219.1
Project("{FAE04EC0-301F-11D3-BF4B-00C04F79EFBC}") = "ImageGallery", "ImageGallery\ImageGallery.csproj", "{3710DECA-34AC-4E1F-A379-E9E861326DFC}"
EndProject
Global
	GlobalSection(SolutionConfigurationPlatforms) = preSolution
		Debug|Any CPU = Debug|Any CPU
		Release|Any CPU = Release|Any CPU
	EndGlobalSection
	GlobalSection(ProjectConfigurationPlatforms) = postSolution
		{3710DECA-34AC-4E1F-A379-E9E861326DFC}.Debug|Any CPU.ActiveCfg = Debug|Any CPU
		{3710DECA-34AC-4E1F-A379-E9E861326DFC}.Debug|Any CPU.Build.0 = Debug|Any CPU
		{3710DECA-34AC-4E1F-A379-E9E861326DFC}.Release|Any CPU.ActiveCfg = Release|Any CPU
		{3710DECA-34AC-4E1F-A379-E9E861326DFC}.Release|Any CPU.Build.0 = Release|Any CPU
	EndGlobalSection
	GlobalSection(SolutionProperties) = preSolution
		HideSolutionNode = FALSE
	EndGlobalSection
	GlobalSection(ExtensibilityGlobals) = postSolution
		SolutionGuid = {E1ECF599-F853-4EA9-8093-20C5FA704E76}
	EndGlobalSection
EndGlobal
